# @generated by Move, please check-in and do not edit manually.

[move]
version = 3
manifest_digest = "CF2D3B2013CD0A71AD3E9CD1F1B007E7B4E16469D4FE2BBC79A81678414AA83E"
deps_digest = "F8BBB0CCB2491CA29A3DF03D6F92277A4F3574266507ACD77214D37ECA3F3082"
dependencies = [
  { id = "Sui", name = "Sui" },
]

[[move.package]]
id = "MoveStdlib"
source = { git = "https://gitee.com/MystenLabs/sui.git", rev = "framework/testnet", subdir = "crates/sui-framework/packages/move-stdlib" }

[[move.package]]
id = "Sui"
source = { git = "https://gitee.com/MystenLabs/sui.git", rev = "framework/testnet", subdir = "crates/sui-framework/packages/sui-framework" }

dependencies = [
  { id = "MoveStdlib", name = "MoveStdlib" },
]

[move.toolchain-version]
compiler-version = "1.45.3"
edition = "2024.beta"
flavor = "sui"

[env]

[env.testnet]
chain-id = "4c78adac"
original-published-id = "0xd6aad0e565335286462ec72fe281258fab2e0d5fb341435459beda5044653409"
latest-published-id = "0x8dccb2f6d3e6f20e994c87b8af3edde24aa6374269a59c9a5ba25f290e9c0552"
published-version = "2"
